Microsoft Visual Studio Solution File, Format Version 12.00
# Visual Studio Version 17
VisualStudioVersion = 17.5.2.0
MinimumVisualStudioVersion = 10.0.40219.1
Project("{FAE04EC0-301F-11D3-BF4B-00C04F79EFBC}") = "OrionOperatorLifecycleWebApp", "OrionOperatorLifecycleWebApp\OrionOperatorLifecycleWebApp.csproj", "{A0362C96-E273-D2C3-A75C-996D29FE871E}"
EndProject
Global
	GlobalSection(SolutionConfigurationPlatforms) = preSolution
		Debug|Any CPU = Debug|Any CPU
		Release|Any CPU = Release|Any CPU
	EndGlobalSection
	GlobalSection(ProjectConfigurationPlatforms) = postSolution
		{A0362C96-E273-D2C3-A75C-996D29FE871E}.Debug|Any CPU.ActiveCfg = Debug|Any CPU
		{A0362C96-E273-D2C3-A75C-996D29FE871E}.Debug|Any CPU.Build.0 = Debug|Any CPU
		{A0362C96-E273-D2C3-A75C-996D29FE871E}.Release|Any CPU.ActiveCfg = Release|Any CPU
		{A0362C96-E273-D2C3-A75C-996D29FE871E}.Release|Any CPU.Build.0 = Release|Any CPU
	EndGlobalSection
	GlobalSection(SolutionProperties) = preSolution
		HideSolutionNode = FALSE
	EndGlobalSection
	GlobalSection(ExtensibilityGlobals) = postSolution
		SolutionGuid = {825FDB80-FBAA-4EB2-8A92-6B2C99F8DDCD}
	EndGlobalSection
EndGlobal
